{
    "_readme": [
        "This file locks the dependencies of your project to a known state",
        "Read more about it at https://getcomposer.org/doc/01-basic-usage.md#composer-lock-the-lock-file",
        "This file is @generated automatically"
    ],
    "content-hash": "9e8115e28e577f2df10b3cbec0eb362f",
    "packages": [
        {
            "name": "deviscoding/base",
            "version": "2.0.2",
            "source": {
                "type": "git",
                "url": "https://github.com/deviscoding/base.git",
                "reference": "422e043118fe98cef847f34a0b57c1f65f8c7fff"
            },
            "dist": {
                "type": "zip",
                "url": "https://api.github.com/repos/deviscoding/base/zipball/422e043118fe98cef847f34a0b57c1f65f8c7fff",
                "reference": "422e043118fe98cef847f34a0b57c1f65f8c7fff",
                "shasum": ""
            },
            "replace": {
                "strapless/base": "^2.0"
            },
            "type": "library",
            "notification-url": "https://packagist.org/downloads/",
            "license": [
                "MIT"
            ],
            "authors": [
                {
                    "name": "Aaron M Jones",
                    "homepage": "http://www.jonesiscoding.com"
                }
            ],
            "description": "SASS Functions & mixins for managing variables within various SASS components.",
            "homepage": "https://www.github.com/deviscoding/base",
            "keywords": [
                "css",
                "maps",
                "sass",
                "scss",
                "strapless",
                "variables"
            ],
            "time": "2018-05-24T12:28:48+00:00"
        },
        {
            "name": "deviscoding/colors",
            "version": "1.0.9",
            "source": {
                "type": "git",
                "url": "https://github.com/deviscoding/colors.git",
                "reference": "dd4a6ee5aab611b0f4e7e2d1f8c481caa1203e39"
            },
            "dist": {
                "type": "zip",
                "url": "https://api.github.com/repos/deviscoding/colors/zipball/dd4a6ee5aab611b0f4e7e2d1f8c481caa1203e39",
                "reference": "dd4a6ee5aab611b0f4e7e2d1f8c481caa1203e39",
                "shasum": ""
            },
            "replace": {
                "strapless/colors": "^1.0"
            },
            "type": "library",
            "notification-url": "https://packagist.org/downloads/",
            "license": [
                "MIT"
            ],
            "authors": [
                {
                    "name": "Aaron M Jones",
                    "homepage": "http://www.jonesiscoding.com"
                }
            ],
            "description": "SASS color functions, maps and CSS used in DevIsCoding components.  Can also be used quite effectively in any SASS where one desires an easy way to manage colors.",
            "homepage": "https://www.github.com/deviscoding/colors",
            "keywords": [
                "color",
                "map",
                "sass",
                "scss",
                "strapless"
            ],
            "time": "2018-05-23T15:47:48+00:00"
        },
        {
            "name": "deviscoding/icons",
            "version": "1.0.3",
            "source": {
                "type": "git",
                "url": "https://github.com/deviscoding/icons.git",
                "reference": "9a96f5de622131caff4de1e409997c1a3f70865e"
            },
            "dist": {
                "type": "zip",
                "url": "https://api.github.com/repos/deviscoding/icons/zipball/9a96f5de622131caff4de1e409997c1a3f70865e",
                "reference": "9a96f5de622131caff4de1e409997c1a3f70865e",
                "shasum": ""
            },
            "require": {
                "deviscoding/base": "^2.0"
            },
            "replace": {
                "strapless/icons": "^1.0"
            },
            "type": "library",
            "notification-url": "https://packagist.org/downloads/",
            "license": [
                "MIT"
            ],
            "authors": [
                {
                    "name": "Aaron M Jones",
                    "homepage": "http://www.jonesiscoding.com"
                }
            ],
            "description": "CSS Classes, Mixins and Functions to manage icons in CSS and SCSS projects.",
            "homepage": "https://www.github.com/deviscoding/icons",
            "keywords": [
                "css",
                "deviscoding",
                "font",
                "icons",
                "sass",
                "scss",
                "strapless",
                "svg"
            ],
            "time": "2018-06-21T13:47:06+00:00"
        }
    ],
    "packages-dev": [],
    "aliases": [],
    "minimum-stability": "stable",
    "stability-flags": [],
    "prefer-stable": false,
    "prefer-lowest": false,
    "platform": [],
    "platform-dev": []
}
