{
    "_readme": [
        "This file locks the dependencies of your project to a known state",
        "Read more about it at https://getcomposer.org/doc/01-basic-usage.md#composer-lock-the-lock-file",
        "This file is @generated automatically"
    ],
    "content-hash": "e25caebf71d3b7b06eb9937d7147686d",
    "packages": [
        {
            "name": "strapless/base",
            "version": "1.1.7",
            "source": {
                "type": "git",
                "url": "https://github.com/strapless/base.git",
                "reference": "a653e4bb2f2af3104001bfbe5589c6c4e0663319"
            },
            "dist": {
                "type": "zip",
                "url": "https://api.github.com/repos/strapless/base/zipball/a653e4bb2f2af3104001bfbe5589c6c4e0663319",
                "reference": "a653e4bb2f2af3104001bfbe5589c6c4e0663319",
                "shasum": ""
            },
            "type": "library",
            "notification-url": "https://packagist.org/downloads/",
            "license": [
                "MIT"
            ],
            "authors": [
                {
                    "name": "Aaron M Jones",
                    "homepage": "http://www.jonesiscoding.com"
                }
            ],
            "description": "SASS Functions & mixins for managing variables within various SASS components.",
            "homepage": "https://www.github.com/strapless/base",
            "keywords": [
                "css",
                "maps",
                "sass",
                "scss",
                "strapless",
                "variables"
            ],
            "time": "2017-12-27T01:51:45+00:00"
        },
        {
            "name": "strapless/colors",
            "version": "1.0.6",
            "source": {
                "type": "git",
                "url": "https://github.com/strapless/colors.git",
                "reference": "a33fd13fd3a264145d1b8007e2c74a1d302f25d9"
            },
            "dist": {
                "type": "zip",
                "url": "https://api.github.com/repos/strapless/colors/zipball/a33fd13fd3a264145d1b8007e2c74a1d302f25d9",
                "reference": "a33fd13fd3a264145d1b8007e2c74a1d302f25d9",
                "shasum": ""
            },
            "type": "library",
            "notification-url": "https://packagist.org/downloads/",
            "license": [
                "MIT"
            ],
            "authors": [
                {
                    "name": "Aaron M Jones",
                    "homepage": "http://www.jonesiscoding.com"
                }
            ],
            "description": "SASS color functions, maps and CSS used in StrapLess components.  Can also be used quite effectively in any SASS where one desires an easy way to manage colors.",
            "homepage": "https://www.github.com/strapless/colors",
            "keywords": [
                "color",
                "map",
                "sass",
                "scss",
                "strapless"
            ],
            "time": "2017-12-05T15:09:02+00:00"
        },
        {
            "name": "strapless/icons",
            "version": "1.0.1",
            "source": {
                "type": "git",
                "url": "https://github.com/strapless/icons.git",
                "reference": "1c7fc4c1801d195cdefa3929605a858b64936d97"
            },
            "dist": {
                "type": "zip",
                "url": "https://api.github.com/repos/strapless/icons/zipball/1c7fc4c1801d195cdefa3929605a858b64936d97",
                "reference": "1c7fc4c1801d195cdefa3929605a858b64936d97",
                "shasum": ""
            },
            "require": {
                "strapless/base": "^1.1.5"
            },
            "type": "library",
            "notification-url": "https://packagist.org/downloads/",
            "license": [
                "MIT"
            ],
            "authors": [
                {
                    "name": "Aaron M Jones",
                    "homepage": "http://www.jonesiscoding.com"
                }
            ],
            "description": "CSS Classes, Mixins and Functions to manage icons for the StrapLess CSS Framework.  Also usable for other CSS projects.",
            "homepage": "https://www.github.com/strapless/icons",
            "keywords": [
                "css",
                "font",
                "icons",
                "sass",
                "scss",
                "strapless",
                "svg"
            ],
            "time": "2017-12-05T01:24:05+00:00"
        }
    ],
    "packages-dev": [],
    "aliases": [],
    "minimum-stability": "stable",
    "stability-flags": [],
    "prefer-stable": false,
    "prefer-lowest": false,
    "platform": [],
    "platform-dev": []
}
